// !$*UTF8*$!
{
	archiveVersion = 1;
	classes = {
	};
	objectVersion = 46;
	objects = {

/* Begin PBXBuildFile section */
		F3E0688C1F359316003F5353 /* AppDelegate.swift in Sources */ = {isa = PBXBuildFile; fileRef = F3E0688B1F359316003F5353 /* AppDelegate.swift */; };
		F3E0688E1F359316003F5353 /* ViewController.swift in Sources */ = {isa = PBXBuildFile; fileRef = F3E0688D1F359316003F5353 /* ViewController.swift */; };
		F3E068911F359316003F5353 /* Main.storyboard in Resources */ = {isa = PBXBuildFile; fileRef = F3E0688F1F359316003F5353 /* Main.storyboard */; };
		F3E068931F359316003F5353 /* Assets.xcassets in Resources */ = {isa = PBXBuildFile; fileRef = F3E068921F359316003F5353 /* Assets.xcassets */; };
		F3E068961F359316003F5353 /* LaunchScreen.storyboard in Resources */ = {isa = PBXBuildFile; fileRef = F3E068941F359316003F5353 /* LaunchScreen.storyboard */; };
		F3E5CFFA1F359A4300B72344 /* LoginController.swift in Sources */ = {isa = PBXBuildFile; fileRef = F3E5CFF91F359A4300B72344 /* LoginController.swift */; };
/* End PBXBuildFile section */

/* Begin PBXFileReference section */
		F3E068881F359316003F5353 /* SwiftGameofChats.app */ = {isa = PBXFileReference; explicitFileType = wrapper.application; includeInIndex = 0; path = SwiftGameofChats.app; sourceTree = BUILT_PRODUCTS_DIR; };
		F3E0688B1F359316003F5353 /* AppDelegate.swift */ = {isa = PBXFileReference; lastKnownFileType = sourcecode.swift; path = AppDelegate.swift; sourceTree = "<group>"; };
		F3E0688D1F359316003F5353 /* ViewController.swift */ = {isa = PBXFileReference; lastKnownFileType = sourcecode.swift; path = ViewController.swift; sourceTree = "<group>"; };
		F3E068901F359316003F5353 /* Base */ = {isa = PBXFileReference; lastKnownFileType = file.storyboard; name = Base; path = Base.lproj/Main.storyboard; sourceTree = "<group>"; };
		F3E068921F359316003F5353 /* Assets.xcassets */ = {isa = PBXFileReference; lastKnownFileType = folder.assetcatalog; path = Assets.xcassets; sourceTree = "<group>"; };
		F3E068951F359316003F5353 /* Base */ = {isa = PBXFileReference; lastKnownFileType = file.storyboard; name = Base; path = Base.lproj/LaunchScreen.storyboard; sourceTree = "<group>"; };
		F3E068971F359316003F5353 /* Info.plist */ = {isa = PBXFileReference; lastKnownFileType = text.plist.xml; path = Info.plist; sourceTree = "<group>"; };
		F3E5CFF91F359A4300B72344 /* LoginController.swift */ = {isa = PBXFileReference; fileEncoding = 4; lastKnownFileType = sourcecode.swift; path = LoginController.swift; sourceTree = "<group>"; };
/* End PBXFileReference section */

/* Begin PBXFrameworksBuildPhase section */
		F3E068851F359316003F5353 /* Frameworks */ = {
			isa = PBXFrameworksBuildPhase;
			buildActionMask = 2147483647;
			files = (
			);
			runOnlyForDeploymentPostprocessing = 0;
		};
/* End PBXFrameworksBuildPhase section */

/* Begin PBXGroup section */
		F3E0687F1F359316003F5353 = {
			isa = PBXGroup;
			children = (
				F3E0688A1F359316003F5353 /* SwiftGameofChats */,
				F3E068891F359316003F5353 /* Products */,
			);
			sourceTree = "<group>";
		};
		F3E068891F359316003F5353 /* Products */ = {
			isa = PBXGroup;
			children = (
				F3E068881F359316003F5353 /* SwiftGameofChats.app */,
			);
			name = Products;
			sourceTree = "<group>";
		};
		F3E0688A1F359316003F5353 /* SwiftGameofChats */ = {
			isa = PBXGroup;
			children = (
				F3E5CFFB1F359A5800B72344 /* Controller */,
				F3E0688B1F359316003F5353 /* AppDelegate.swift */,
				F3E0688F1F359316003F5353 /* Main.storyboard */,
				F3E068921F359316003F5353 /* Assets.xcassets */,
				F3E068941F359316003F5353 /* LaunchScreen.storyboard */,
				F3E068971F359316003F5353 /* Info.plist */,
			);
			path = SwiftGameofChats;
			sourceTree = "<group>";
		};
		F3E5CFFB1F359A5800B72344 /* Controller */ = {
			isa = PBXGroup;
			children = (
				F3E5CFF91F359A4300B72344 /* LoginController.swift */,
				F3E0688D1F359316003F5353 /* ViewController.swift */,
			);
			name = Controller;
			sourceTree = "<group>";
		};
/* End PBXGroup section */

/* Begin PBXNativeTarget section */
		F3E068871F359316003F5353 /* SwiftGameofChats */ = {
			isa = PBXNativeTarget;
			buildConfigurationList = F3E0689A1F359316003F5353 /* Build configuration list for PBXNativeTarget "SwiftGameofChats" */;
			buildPhases = (
				F3E068841F359316003F5353 /* Sources */,
				F3E068851F359316003F5353 /* Frameworks */,
				F3E068861F359316003F5353 /* Resources */,
			);
			buildRules = (
			);
			dependencies = (
			);
			name = SwiftGameofChats;
			productName = SwiftGameofChats;
			productReference = F3E068881F359316003F5353 /* SwiftGameofChats.app */;
			productType = "com.apple.product-type.application";
		};
/* End PBXNativeTarget section */

/* Begin PBXProject section */
		F3E068801F359316003F5353 /* Project object */ = {
			isa = PBXProject;
			attributes = {
				LastSwiftUpdateCheck = 0830;
				LastUpgradeCheck = 0830;
				ORGANIZATIONNAME = Takanori.H;
				TargetAttributes = {
					F3E068871F359316003F5353 = {
						CreatedOnToolsVersion = 8.3.3;
						DevelopmentTeam = BN463B3322;
						ProvisioningStyle = Automatic;
					};
				};
			};
			buildConfigurationList = F3E068831F359316003F5353 /* Build configuration list for PBXProject "SwiftGameofChats" */;
			compatibilityVersion = "Xcode 3.2";
			developmentRegion = English;
			hasScannedForEncodings = 0;
			knownRegions = (
				en,
				Base,
			);
			mainGroup = F3E0687F1F359316003F5353;
			productRefGroup = F3E068891F359316003F5353 /* Products */;
			projectDirPath = "";
			projectRoot = "";
			targets = (
				F3E068871F359316003F5353 /* SwiftGameofChats */,
			);
		};
/* End PBXProject section */

/* Begin PBXResourcesBuildPhase section */
		F3E068861F359316003F5353 /* Resources */ = {
			isa = PBXResourcesBuildPhase;
			buildActionMask = 2147483647;
			files = (
				F3E068961F359316003F5353 /* LaunchScreen.storyboard in Resources */,
				F3E068931F359316003F5353 /* Assets.xcassets in Resources */,
				F3E068911F359316003F5353 /* Main.storyboard in Resources */,
			);
			runOnlyForDeploymentPostprocessing = 0;
		};
/* End PBXResourcesBuildPhase section */

/* Begin PBXSourcesBuildPhase section */
		F3E068841F359316003F5353 /* Sources */ = {
			isa = PBXSourcesBuildPhase;
			buildActionMask = 2147483647;
			files = (
				F3E0688E1F359316003F5353 /* ViewController.swift in Sources */,
				F3E5CFFA1F359A4300B72344 /* LoginController.swift in Sources */,
				F3E0688C1F359316003F5353 /* AppDelegate.swift in Sources */,
			);
			runOnlyForDeploymentPostprocessing = 0;
		};
/* End PBXSourcesBuildPhase section */

/* Begin PBXVariantGroup section */
		F3E0688F1F359316003F5353 /* Main.storyboard */ = {
			isa = PBXVariantGroup;
			children = (
				F3E068901F359316003F5353 /* Base */,
			);
			name = Main.storyboard;
			sourceTree = "<group>";
		};
		F3E068941F359316003F5353 /* LaunchScreen.storyboard */ = {
			isa = PBXVariantGroup;
			children = (
				F3E068951F359316003F5353 /* Base */,
			);
			name = LaunchScreen.storyboard;
			sourceTree = "<group>";
		};
/* End PBXVariantGroup section */

/* Begin XCBuildConfiguration section */
		F3E068981F359316003F5353 /* Debug */ = {
			isa = XCBuildConfiguration;
			buildSettings = {
				ALWAYS_SEARCH_USER_PATHS = NO;
				CLANG_ANALYZER_NONNULL = YES;
				CLANG_ANALYZER_NUMBER_OBJECT_CONVERSION = YES_AGGRESSIVE;
				CLANG_CXX_LANGUAGE_STANDARD = "gnu++0x";
				CLANG_CXX_LIBRARY = "libc++";
				CLANG_ENABLE_MODULES = YES;
				CLANG_ENABLE_OBJC_ARC = YES;
				CLANG_WARN_BOOL_CONVERSION = YES;
				CLANG_WARN_CONSTANT_CONVERSION = YES;
				CLANG_WARN_DIRECT_OBJC_ISA_USAGE = YES_ERROR;
				CLANG_WARN_DOCUMENTATION_COMMENTS = YES;
				CLANG_WARN_EMPTY_BODY = YES;
				CLANG_WARN_ENUM_CONVERSION = YES;
				CLANG_WARN_INFINITE_RECURSION = YES;
				CLANG_WARN_INT_CONVERSION = YES;
				CLANG_WARN_OBJC_ROOT_CLASS = YES_ERROR;
				CLANG_WARN_SUSPICIOUS_MOVE = YES;
				CLANG_WARN_UNREACHABLE_CODE = YES;
				CLANG_WARN__DUPLICATE_METHOD_MATCH = YES;
				"CODE_SIGN_IDENTITY[sdk=iphoneos*]" = "iPhone Developer";
				COPY_PHASE_STRIP = NO;
				DEBUG_INFORMATION_FORMAT = dwarf;
				ENABLE_STRICT_OBJC_MSGSEND = YES;
				ENABLE_TESTABILITY = YES;
				GCC_C_LANGUAGE_STANDARD = gnu99;
				GCC_DYNAMIC_NO_PIC = NO;
				GCC_NO_COMMON_BLOCKS = YES;
				GCC_OPTIMIZATION_LEVEL = 0;
				GCC_PREPROCESSOR_DEFINITIONS = (
					"DEBUG=1",
					"$(inherited)",
				);
				GCC_WARN_64_TO_32_BIT_CONVERSION = YES;
				GCC_WARN_ABOUT_RETURN_TYPE = YES_ERROR;
				GCC_WARN_UNDECLARED_SELECTOR = YES;
				GCC_WARN_UNINITIALIZED_AUTOS = YES_AGGRESSIVE;
				GCC_WARN_UNUSED_FUNCTION = YES;
				GCC_WARN_UNUSED_VARIABLE = YES;
				IPHONEOS_DEPLOYMENT_TARGET = 10.3;
				MTL_ENABLE_DEBUG_INFO = YES;
				ONLY_ACTIVE_ARCH = YES;
				SDKROOT = iphoneos;
				SWIFT_ACTIVE_COMPILATION_CONDITIONS = DEBUG;
				SWIFT_OPTIMIZATION_LEVEL = "-Onone";
			};
			name = Debug;
		};
		F3E068991F359316003F5353 /* Release */ = {
			isa = XCBuildConfiguration;
			buildSettings = {
				ALWAYS_SEARCH_USER_PATHS = NO;
				CLANG_ANALYZER_NONNULL = YES;
				CLANG_ANALYZER_NUMBER_OBJECT_CONVERSION = YES_AGGRESSIVE;
				CLANG_CXX_LANGUAGE_STANDARD = "gnu++0x";
				CLANG_CXX_LIBRARY = "libc++";
				CLANG_ENABLE_MODULES = YES;
				CLANG_ENABLE_OBJC_ARC = YES;
				CLANG_WARN_BOOL_CONVERSION = YES;
				CLANG_WARN_CONSTANT_CONVERSION = YES;
				CLANG_WARN_DIRECT_OBJC_ISA_USAGE = YES_ERROR;
				CLANG_WARN_DOCUMENTATION_COMMENTS = YES;
				CLANG_WARN_EMPTY_BODY = YES;
				CLANG_WARN_ENUM_CONVERSION = YES;
				CLANG_WARN_INFINITE_RECURSION = YES;
				CLANG_WARN_INT_CONVERSION = YES;
				CLANG_WARN_OBJC_ROOT_CLASS = YES_ERROR;
				CLANG_WARN_SUSPICIOUS_MOVE = YES;
				CLANG_WARN_UNREACHABLE_CODE = YES;
				CLANG_WARN__DUPLICATE_METHOD_MATCH = YES;
				"CODE_SIGN_IDENTITY[sdk=iphoneos*]" = "iPhone Developer";
				COPY_PHASE_STRIP = NO;
				DEBUG_INFORMATION_FORMAT = "dwarf-with-dsym";
				ENABLE_NS_ASSERTIONS = NO;
				ENABLE_STRICT_OBJC_MSGSEND = YES;
				GCC_C_LANGUAGE_STANDARD = gnu99;
				GCC_NO_COMMON_BLOCKS = YES;
				GCC_WARN_64_TO_32_BIT_CONVERSION = YES;
				GCC_WARN_ABOUT_RETURN_TYPE = YES_ERROR;
				GCC_WARN_UNDECLARED_SELECTOR = YES;
				GCC_WARN_UNINITIALIZED_AUTOS = YES_AGGRESSIVE;
				GCC_WARN_UNUSED_FUNCTION = YES;
				GCC_WARN_UNUSED_VARIABLE = YES;
				IPHONEOS_DEPLOYMENT_TARGET = 10.3;
				MTL_ENABLE_DEBUG_INFO = NO;
				SDKROOT = iphoneos;
				SWIFT_OPTIMIZATION_LEVEL = "-Owholemodule";
				VALIDATE_PRODUCT = YES;
			};
			name = Release;
		};
		F3E0689B1F359316003F5353 /* Debug */ = {
			isa = XCBuildConfiguration;
			buildSettings = {
				ASSETCATALOG_COMPILER_APPICON_NAME = AppIcon;
				DEVELOPMENT_TEAM = BN463B3322;
				INFOPLIST_FILE = SwiftGameofChats/Info.plist;
				LD_RUNPATH_SEARCH_PATHS = "$(inherited) @executable_path/Frameworks";
				PRODUCT_BUNDLE_IDENTIFIER = com.example.hasebe.SwiftGameofChats;
				PRODUCT_NAME = "$(TARGET_NAME)";
				SWIFT_VERSION = 3.0;
			};
			name = Debug;
		};
		F3E0689C1F359316003F5353 /* Release */ = {
			isa = XCBuildConfiguration;
			buildSettings = {
				ASSETCATALOG_COMPILER_APPICON_NAME = AppIcon;
				DEVELOPMENT_TEAM = BN463B3322;
				INFOPLIST_FILE = SwiftGameofChats/Info.plist;
				LD_RUNPATH_SEARCH_PATHS = "$(inherited) @executable_path/Frameworks";
				PRODUCT_BUNDLE_IDENTIFIER = com.example.hasebe.SwiftGameofChats;
				PRODUCT_NAME = "$(TARGET_NAME)";
				SWIFT_VERSION = 3.0;
			};
			name = Release;
		};
/* End XCBuildConfiguration section */

/* Begin XCConfigurationList section */
		F3E068831F359316003F5353 /* Build configuration list for PBXProject "SwiftGameofChats" */ = {
			isa = XCConfigurationList;
			buildConfigurations = (
				F3E068981F359316003F5353 /* Debug */,
				F3E068991F359316003F5353 /* Release */,
			);
			defaultConfigurationIsVisible = 0;
			defaultConfigurationName = Release;
		};
		F3E0689A1F359316003F5353 /* Build configuration list for PBXNativeTarget "SwiftGameofChats" */ = {
			isa = XCConfigurationList;
			buildConfigurations = (
				F3E0689B1F359316003F5353 /* Debug */,
				F3E0689C1F359316003F5353 /* Release */,
			);
			defaultConfigurationIsVisible = 0;
			defaultConfigurationName = Release;
		};
/* End XCConfigurationList section */
	};
	rootObject = F3E068801F359316003F5353 /* Project object */;
}
